
Microsoft Visual Studio Solution File, Format Version 12.00
# Visual Studio Version 17
VisualStudioVersion = 17.4.33205.214
MinimumVisualStudioVersion = 10.0.40219.1
Project("{FAE04EC0-301F-11D3-BF4B-00C04F79EFBC}") = "Control_Zad4", "Control_Zad4\Control_Zad4.csproj", "{BB133408-0035-4523-883E-FD9410BADC47}"
EndProject
Global
	GlobalSection(SolutionConfigurationPlatforms) = preSolution
		Debug|Any CPU = Debug|Any CPU
		Release|Any CPU = Release|Any CPU
	EndGlobalSection
	GlobalSection(ProjectConfigurationPlatforms) = postSolution
		{BB133408-0035-4523-883E-FD9410BADC47}.Debug|Any CPU.ActiveCfg = Debug|Any CPU
		{BB133408-0035-4523-883E-FD9410BADC47}.Debug|Any CPU.Build.0 = Debug|Any CPU
		{BB133408-0035-4523-883E-FD9410BADC47}.Release|Any CPU.ActiveCfg = Release|Any CPU
		{BB133408-0035-4523-883E-FD9410BADC47}.Release|Any CPU.Build.0 = Release|Any CPU
	EndGlobalSection
	GlobalSection(SolutionProperties) = preSolution
		HideSolutionNode = FALSE
	EndGlobalSection
	GlobalSection(ExtensibilityGlobals) = postSolution
		SolutionGuid = {0717ABC3-C388-43E6-9C28-1F62E0A869A6}
	EndGlobalSection
EndGlobal
