
Microsoft Visual Studio Solution File, Format Version 12.00
# Visual Studio Version 17
VisualStudioVersion = 17.4.33205.214
MinimumVisualStudioVersion = 10.0.40219.1
Project("{FAE04EC0-301F-11D3-BF4B-00C04F79EFBC}") = "Osnova_Zad5", "Osnova_Zad5\Osnova_Zad5.csproj", "{87AA6373-F15B-4D39-8D73-40B0A595FE73}"
EndProject
Global
	GlobalSection(SolutionConfigurationPlatforms) = preSolution
		Debug|Any CPU = Debug|Any CPU
		Release|Any CPU = Release|Any CPU
	EndGlobalSection
	GlobalSection(ProjectConfigurationPlatforms) = postSolution
		{87AA6373-F15B-4D39-8D73-40B0A595FE73}.Debug|Any CPU.ActiveCfg = Debug|Any CPU
		{87AA6373-F15B-4D39-8D73-40B0A595FE73}.Debug|Any CPU.Build.0 = Debug|Any CPU
		{87AA6373-F15B-4D39-8D73-40B0A595FE73}.Release|Any CPU.ActiveCfg = Release|Any CPU
		{87AA6373-F15B-4D39-8D73-40B0A595FE73}.Release|Any CPU.Build.0 = Release|Any CPU
	EndGlobalSection
	GlobalSection(SolutionProperties) = preSolution
		HideSolutionNode = FALSE
	EndGlobalSection
	GlobalSection(ExtensibilityGlobals) = postSolution
		SolutionGuid = {0F44239E-AA39-4F64-8937-6E3D9E162356}
	EndGlobalSection
EndGlobal
