
Microsoft Visual Studio Solution File, Format Version 12.00
# Visual Studio Version 17
VisualStudioVersion = 17.4.33205.214
MinimumVisualStudioVersion = 10.0.40219.1
Project("{FAE04EC0-301F-11D3-BF4B-00C04F79EFBC}") = "Osnova2_Zad4", "Osnova2_Zad4\Osnova2_Zad4.csproj", "{64892A3F-07B0-403D-AA68-96E1F9D37116}"
EndProject
Global
	GlobalSection(SolutionConfigurationPlatforms) = preSolution
		Debug|Any CPU = Debug|Any CPU
		Release|Any CPU = Release|Any CPU
	EndGlobalSection
	GlobalSection(ProjectConfigurationPlatforms) = postSolution
		{64892A3F-07B0-403D-AA68-96E1F9D37116}.Debug|Any CPU.ActiveCfg = Debug|Any CPU
		{64892A3F-07B0-403D-AA68-96E1F9D37116}.Debug|Any CPU.Build.0 = Debug|Any CPU
		{64892A3F-07B0-403D-AA68-96E1F9D37116}.Release|Any CPU.ActiveCfg = Release|Any CPU
		{64892A3F-07B0-403D-AA68-96E1F9D37116}.Release|Any CPU.Build.0 = Release|Any CPU
	EndGlobalSection
	GlobalSection(SolutionProperties) = preSolution
		HideSolutionNode = FALSE
	EndGlobalSection
	GlobalSection(ExtensibilityGlobals) = postSolution
		SolutionGuid = {FCD08748-BD67-48FB-BB55-E993B5A67D3E}
	EndGlobalSection
EndGlobal
