
Microsoft Visual Studio Solution File, Format Version 12.00
# Visual Studio Version 17
VisualStudioVersion = 17.4.33205.214
MinimumVisualStudioVersion = 10.0.40219.1
Project("{FAE04EC0-301F-11D3-BF4B-00C04F79EFBC}") = "Control_Zad5", "Control_Zad5\Control_Zad5.csproj", "{DC6F43DE-8D01-4242-B0B8-441231019682}"
EndProject
Global
	GlobalSection(SolutionConfigurationPlatforms) = preSolution
		Debug|Any CPU = Debug|Any CPU
		Release|Any CPU = Release|Any CPU
	EndGlobalSection
	GlobalSection(ProjectConfigurationPlatforms) = postSolution
		{DC6F43DE-8D01-4242-B0B8-441231019682}.Debug|Any CPU.ActiveCfg = Debug|Any CPU
		{DC6F43DE-8D01-4242-B0B8-441231019682}.Debug|Any CPU.Build.0 = Debug|Any CPU
		{DC6F43DE-8D01-4242-B0B8-441231019682}.Release|Any CPU.ActiveCfg = Release|Any CPU
		{DC6F43DE-8D01-4242-B0B8-441231019682}.Release|Any CPU.Build.0 = Release|Any CPU
	EndGlobalSection
	GlobalSection(SolutionProperties) = preSolution
		HideSolutionNode = FALSE
	EndGlobalSection
	GlobalSection(ExtensibilityGlobals) = postSolution
		SolutionGuid = {04D8E2B9-CAB5-4663-95FE-4A0BA84835E0}
	EndGlobalSection
EndGlobal
