
Microsoft Visual Studio Solution File, Format Version 12.00
# Visual Studio Version 17
VisualStudioVersion = 17.4.33205.214
MinimumVisualStudioVersion = 10.0.40219.1
Project("{FAE04EC0-301F-11D3-BF4B-00C04F79EFBC}") = "Osnova_Zad1", "Osnova_Zad1\Osnova_Zad1.csproj", "{B4519449-CF04-4A73-85C0-55DAB053FA49}"
EndProject
Global
	GlobalSection(SolutionConfigurationPlatforms) = preSolution
		Debug|Any CPU = Debug|Any CPU
		Release|Any CPU = Release|Any CPU
	EndGlobalSection
	GlobalSection(ProjectConfigurationPlatforms) = postSolution
		{B4519449-CF04-4A73-85C0-55DAB053FA49}.Debug|Any CPU.ActiveCfg = Debug|Any CPU
		{B4519449-CF04-4A73-85C0-55DAB053FA49}.Debug|Any CPU.Build.0 = Debug|Any CPU
		{B4519449-CF04-4A73-85C0-55DAB053FA49}.Release|Any CPU.ActiveCfg = Release|Any CPU
		{B4519449-CF04-4A73-85C0-55DAB053FA49}.Release|Any CPU.Build.0 = Release|Any CPU
	EndGlobalSection
	GlobalSection(SolutionProperties) = preSolution
		HideSolutionNode = FALSE
	EndGlobalSection
	GlobalSection(ExtensibilityGlobals) = postSolution
		SolutionGuid = {B4C6BABF-AB22-4EF2-8EFA-272B7B4BB3FE}
	EndGlobalSection
EndGlobal
