
Microsoft Visual Studio Solution File, Format Version 12.00
# Visual Studio Version 17
VisualStudioVersion = 17.4.33205.214
MinimumVisualStudioVersion = 10.0.40219.1
Project("{FAE04EC0-301F-11D3-BF4B-00C04F79EFBC}") = "Dop_Zad3", "Dop_Zad3\Dop_Zad3.csproj", "{FE4F17F7-367D-48B5-9E6F-948E780669DD}"
EndProject
Global
	GlobalSection(SolutionConfigurationPlatforms) = preSolution
		Debug|Any CPU = Debug|Any CPU
		Release|Any CPU = Release|Any CPU
	EndGlobalSection
	GlobalSection(ProjectConfigurationPlatforms) = postSolution
		{FE4F17F7-367D-48B5-9E6F-948E780669DD}.Debug|Any CPU.ActiveCfg = Debug|Any CPU
		{FE4F17F7-367D-48B5-9E6F-948E780669DD}.Debug|Any CPU.Build.0 = Debug|Any CPU
		{FE4F17F7-367D-48B5-9E6F-948E780669DD}.Release|Any CPU.ActiveCfg = Release|Any CPU
		{FE4F17F7-367D-48B5-9E6F-948E780669DD}.Release|Any CPU.Build.0 = Release|Any CPU
	EndGlobalSection
	GlobalSection(SolutionProperties) = preSolution
		HideSolutionNode = FALSE
	EndGlobalSection
	GlobalSection(ExtensibilityGlobals) = postSolution
		SolutionGuid = {F4EEE996-A0A9-4821-BD09-A46E3F59E42B}
	EndGlobalSection
EndGlobal
